
Microsoft Visual Studio Solution File, Format Version 12.00
# Visual Studio Version 17
VisualStudioVersion = 17.4.33103.184
MinimumVisualStudioVersion = 10.0.40219.1
Project("{FAE04EC0-301F-11D3-BF4B-00C04F79EFBC}") = "ThreadSync2", "ThreadSync2\ThreadSync2.csproj", "{2FC4294E-8989-40DA-BB70-FF35BFA21554}"
EndProject
Global
	GlobalSection(SolutionConfigurationPlatforms) = preSolution
		Debug|Any CPU = Debug|Any CPU
		Release|Any CPU = Release|Any CPU
	EndGlobalSection
	GlobalSection(ProjectConfigurationPlatforms) = postSolution
		{2FC4294E-8989-40DA-BB70-FF35BFA21554}.Debug|Any CPU.ActiveCfg = Debug|Any CPU
		{2FC4294E-8989-40DA-BB70-FF35BFA21554}.Debug|Any CPU.Build.0 = Debug|Any CPU
		{2FC4294E-8989-40DA-BB70-FF35BFA21554}.Release|Any CPU.ActiveCfg = Release|Any CPU
		{2FC4294E-8989-40DA-BB70-FF35BFA21554}.Release|Any CPU.Build.0 = Release|Any CPU
	EndGlobalSection
	GlobalSection(SolutionProperties) = preSolution
		HideSolutionNode = FALSE
	EndGlobalSection
	GlobalSection(ExtensibilityGlobals) = postSolution
		SolutionGuid = {EFFA3E7F-B810-4E4D-ABD7-6E994EED22DF}
	EndGlobalSection
EndGlobal
