
Microsoft Visual Studio Solution File, Format Version 12.00
# Visual Studio Version 17
VisualStudioVersion = 17.4.33103.184
MinimumVisualStudioVersion = 10.0.40219.1
Project("{FAE04EC0-301F-11D3-BF4B-00C04F79EFBC}") = "Threadpool0", "Threadpool0\Threadpool0.csproj", "{E4F7F12B-A38F-4D84-8589-5A2BCBF603EA}"
EndProject
Global
	GlobalSection(SolutionConfigurationPlatforms) = preSolution
		Debug|Any CPU = Debug|Any CPU
		Release|Any CPU = Release|Any CPU
	EndGlobalSection
	GlobalSection(ProjectConfigurationPlatforms) = postSolution
		{E4F7F12B-A38F-4D84-8589-5A2BCBF603EA}.Debug|Any CPU.ActiveCfg = Debug|Any CPU
		{E4F7F12B-A38F-4D84-8589-5A2BCBF603EA}.Debug|Any CPU.Build.0 = Debug|Any CPU
		{E4F7F12B-A38F-4D84-8589-5A2BCBF603EA}.Release|Any CPU.ActiveCfg = Release|Any CPU
		{E4F7F12B-A38F-4D84-8589-5A2BCBF603EA}.Release|Any CPU.Build.0 = Release|Any CPU
	EndGlobalSection
	GlobalSection(SolutionProperties) = preSolution
		HideSolutionNode = FALSE
	EndGlobalSection
	GlobalSection(ExtensibilityGlobals) = postSolution
		SolutionGuid = {512A853A-17B8-4189-8156-9BF1F52F2977}
	EndGlobalSection
EndGlobal
