
Microsoft Visual Studio Solution File, Format Version 12.00
# Visual Studio Version 17
VisualStudioVersion = 17.4.33103.184
MinimumVisualStudioVersion = 10.0.40219.1
Project("{FAE04EC0-301F-11D3-BF4B-00C04F79EFBC}") = "Ovelse0", "Ovelse0\Ovelse0.csproj", "{342504FA-514B-4186-9AB7-61CAA8AF6848}"
EndProject
Global
	GlobalSection(SolutionConfigurationPlatforms) = preSolution
		Debug|Any CPU = Debug|Any CPU
		Release|Any CPU = Release|Any CPU
	EndGlobalSection
	GlobalSection(ProjectConfigurationPlatforms) = postSolution
		{342504FA-514B-4186-9AB7-61CAA8AF6848}.Debug|Any CPU.ActiveCfg = Debug|Any CPU
		{342504FA-514B-4186-9AB7-61CAA8AF6848}.Debug|Any CPU.Build.0 = Debug|Any CPU
		{342504FA-514B-4186-9AB7-61CAA8AF6848}.Release|Any CPU.ActiveCfg = Release|Any CPU
		{342504FA-514B-4186-9AB7-61CAA8AF6848}.Release|Any CPU.Build.0 = Release|Any CPU
	EndGlobalSection
	GlobalSection(SolutionProperties) = preSolution
		HideSolutionNode = FALSE
	EndGlobalSection
	GlobalSection(ExtensibilityGlobals) = postSolution
		SolutionGuid = {12B120BA-B812-475A-B8A8-29717322038B}
	EndGlobalSection
EndGlobal
