
Microsoft Visual Studio Solution File, Format Version 12.00
# Visual Studio Version 17
VisualStudioVersion = 17.4.33103.184
MinimumVisualStudioVersion = 10.0.40219.1
Project("{FAE04EC0-301F-11D3-BF4B-00C04F79EFBC}") = "Ovelse4", "Ovelse4\Ovelse4.csproj", "{42B65EE9-7964-4D59-9FBB-740C1602E0A8}"
EndProject
Global
	GlobalSection(SolutionConfigurationPlatforms) = preSolution
		Debug|Any CPU = Debug|Any CPU
		Release|Any CPU = Release|Any CPU
	EndGlobalSection
	GlobalSection(ProjectConfigurationPlatforms) = postSolution
		{42B65EE9-7964-4D59-9FBB-740C1602E0A8}.Debug|Any CPU.ActiveCfg = Debug|Any CPU
		{42B65EE9-7964-4D59-9FBB-740C1602E0A8}.Debug|Any CPU.Build.0 = Debug|Any CPU
		{42B65EE9-7964-4D59-9FBB-740C1602E0A8}.Release|Any CPU.ActiveCfg = Release|Any CPU
		{42B65EE9-7964-4D59-9FBB-740C1602E0A8}.Release|Any CPU.Build.0 = Release|Any CPU
	EndGlobalSection
	GlobalSection(SolutionProperties) = preSolution
		HideSolutionNode = FALSE
	EndGlobalSection
	GlobalSection(ExtensibilityGlobals) = postSolution
		SolutionGuid = {BE975F09-8166-4728-84FB-3788C3359725}
	EndGlobalSection
EndGlobal
