
Microsoft Visual Studio Solution File, Format Version 12.00
# Visual Studio Version 17
VisualStudioVersion = 17.4.33103.184
MinimumVisualStudioVersion = 10.0.40219.1
Project("{FAE04EC0-301F-11D3-BF4B-00C04F79EFBC}") = "ThreadSync0", "ThreadSync0\ThreadSync0.csproj", "{39AD8741-A1FF-4FA7-A037-4C38961EDF0E}"
EndProject
Global
	GlobalSection(SolutionConfigurationPlatforms) = preSolution
		Debug|Any CPU = Debug|Any CPU
		Release|Any CPU = Release|Any CPU
	EndGlobalSection
	GlobalSection(ProjectConfigurationPlatforms) = postSolution
		{39AD8741-A1FF-4FA7-A037-4C38961EDF0E}.Debug|Any CPU.ActiveCfg = Debug|Any CPU
		{39AD8741-A1FF-4FA7-A037-4C38961EDF0E}.Debug|Any CPU.Build.0 = Debug|Any CPU
		{39AD8741-A1FF-4FA7-A037-4C38961EDF0E}.Release|Any CPU.ActiveCfg = Release|Any CPU
		{39AD8741-A1FF-4FA7-A037-4C38961EDF0E}.Release|Any CPU.Build.0 = Release|Any CPU
	EndGlobalSection
	GlobalSection(SolutionProperties) = preSolution
		HideSolutionNode = FALSE
	EndGlobalSection
	GlobalSection(ExtensibilityGlobals) = postSolution
		SolutionGuid = {76F8BB9F-7E33-47A9-815E-25F6550A6CFF}
	EndGlobalSection
EndGlobal
