
Microsoft Visual Studio Solution File, Format Version 12.00
# Visual Studio Version 17
VisualStudioVersion = 17.4.33103.184
MinimumVisualStudioVersion = 10.0.40219.1
Project("{FAE04EC0-301F-11D3-BF4B-00C04F79EFBC}") = "ProducerConsumer5", "ProducerConsumer5\ProducerConsumer5.csproj", "{2FA1D7CF-7B69-4531-B6BA-393711F08224}"
EndProject
Global
	GlobalSection(SolutionConfigurationPlatforms) = preSolution
		Debug|Any CPU = Debug|Any CPU
		Release|Any CPU = Release|Any CPU
	EndGlobalSection
	GlobalSection(ProjectConfigurationPlatforms) = postSolution
		{2FA1D7CF-7B69-4531-B6BA-393711F08224}.Debug|Any CPU.ActiveCfg = Debug|Any CPU
		{2FA1D7CF-7B69-4531-B6BA-393711F08224}.Debug|Any CPU.Build.0 = Debug|Any CPU
		{2FA1D7CF-7B69-4531-B6BA-393711F08224}.Release|Any CPU.ActiveCfg = Release|Any CPU
		{2FA1D7CF-7B69-4531-B6BA-393711F08224}.Release|Any CPU.Build.0 = Release|Any CPU
	EndGlobalSection
	GlobalSection(SolutionProperties) = preSolution
		HideSolutionNode = FALSE
	EndGlobalSection
	GlobalSection(ExtensibilityGlobals) = postSolution
		SolutionGuid = {3D920AF6-508E-41E4-AC65-463534C70E8B}
	EndGlobalSection
EndGlobal
